
Microsoft Visual Studio Solution File, Format Version 12.00
# Visual Studio Version 17
VisualStudioVersion = 17.14.36310.24
MinimumVisualStudioVersion = 10.0.40219.1
Project("{FAE04EC0-301F-11D3-BF4B-00C04F79EFBC}") = "Inicio", "Inicio\Inicio.csproj", "{C7821BE8-2E83-432C-9091-B9CD9A59F8D9}"
EndProject
Project("{FAE04EC0-301F-11D3-BF4B-00C04F79EFBC}") = "Conexion", "Conexion\Conexion.csproj", "{CE792CC2-C588-4911-8293-CC0002D13423}"
EndProject
Project("{FAE04EC0-301F-11D3-BF4B-00C04F79EFBC}") = "Entidades", "Entidades\Entidades.csproj", "{DBD044F4-5976-4FDD-BDFB-EB817790BFB0}"
EndProject
Global
	GlobalSection(SolutionConfigurationPlatforms) = preSolution
		Debug|Any CPU = Debug|Any CPU
		Release|Any CPU = Release|Any CPU
	EndGlobalSection
	GlobalSection(ProjectConfigurationPlatforms) = postSolution
		{C7821BE8-2E83-432C-9091-B9CD9A59F8D9}.Debug|Any CPU.ActiveCfg = Debug|Any CPU
		{C7821BE8-2E83-432C-9091-B9CD9A59F8D9}.Debug|Any CPU.Build.0 = Debug|Any CPU
		{C7821BE8-2E83-432C-9091-B9CD9A59F8D9}.Release|Any CPU.ActiveCfg = Release|Any CPU
		{C7821BE8-2E83-432C-9091-B9CD9A59F8D9}.Release|Any CPU.Build.0 = Release|Any CPU
		{CE792CC2-C588-4911-8293-CC0002D13423}.Debug|Any CPU.ActiveCfg = Debug|Any CPU
		{CE792CC2-C588-4911-8293-CC0002D13423}.Debug|Any CPU.Build.0 = Debug|Any CPU
		{CE792CC2-C588-4911-8293-CC0002D13423}.Release|Any CPU.ActiveCfg = Release|Any CPU
		{CE792CC2-C588-4911-8293-CC0002D13423}.Release|Any CPU.Build.0 = Release|Any CPU
		{DBD044F4-5976-4FDD-BDFB-EB817790BFB0}.Debug|Any CPU.ActiveCfg = Debug|Any CPU
		{DBD044F4-5976-4FDD-BDFB-EB817790BFB0}.Debug|Any CPU.Build.0 = Debug|Any CPU
		{DBD044F4-5976-4FDD-BDFB-EB817790BFB0}.Release|Any CPU.ActiveCfg = Release|Any CPU
		{DBD044F4-5976-4FDD-BDFB-EB817790BFB0}.Release|Any CPU.Build.0 = Release|Any CPU
	EndGlobalSection
	GlobalSection(SolutionProperties) = preSolution
		HideSolutionNode = FALSE
	EndGlobalSection
	GlobalSection(ExtensibilityGlobals) = postSolution
		SolutionGuid = {30541978-3D92-40D7-A9D9-3C437CCDA516}
	EndGlobalSection
EndGlobal
